// !$*UTF8*$!
{
	archiveVersion = 1;
	classes = {
	};
	objectVersion = 48;
	objects = {

/* Begin PBXBuildFile section */
		C496D897201E5628001F0ABE /* CardView.swift in Sources */ = {isa = PBXBuildFile; fileRef = C496D896201E5627001F0ABE /* CardView.swift */; };
		C4BE72EB201D4FE9002B5627 /* AppDelegate.swift in Sources */ = {isa = PBXBuildFile; fileRef = C4BE72EA201D4FE9002B5627 /* AppDelegate.swift */; };
		C4BE72ED201D4FE9002B5627 /* ViewController.swift in Sources */ = {isa = PBXBuildFile; fileRef = C4BE72EC201D4FE9002B5627 /* ViewController.swift */; };
		C4BE72F0201D4FEA002B5627 /* Main.storyboard in Resources */ = {isa = PBXBuildFile; fileRef = C4BE72EE201D4FEA002B5627 /* Main.storyboard */; };
		C4BE72F2201D4FEA002B5627 /* Assets.xcassets in Resources */ = {isa = PBXBuildFile; fileRef = C4BE72F1201D4FEA002B5627 /* Assets.xcassets */; };
		C4BE72F5201D4FEA002B5627 /* LaunchScreen.storyboard in Resources */ = {isa = PBXBuildFile; fileRef = C4BE72F3201D4FEA002B5627 /* LaunchScreen.storyboard */; };
		C4BE72FD201D528E002B5627 /* Grid.swift in Sources */ = {isa = PBXBuildFile; fileRef = C4BE72FC201D528E002B5627 /* Grid.swift */; };
		C4ECD48F201F8EAA0066A41A /* Card.swift in Sources */ = {isa = PBXBuildFile; fileRef = C4ECD48E201F8EA90066A41A /* Card.swift */; };
		C4ECD491201F8EC70066A41A /* Deck.swift in Sources */ = {isa = PBXBuildFile; fileRef = C4ECD490201F8EC70066A41A /* Deck.swift */; };
/* End PBXBuildFile section */

/* Begin PBXFileReference section */
		C496D896201E5627001F0ABE /* CardView.swift */ = {isa = PBXFileReference; lastKnownFileType = sourcecode.swift; path = CardView.swift; sourceTree = "<group>"; };
		C4BE72E7201D4FE9002B5627 /* Set3.app */ = {isa = PBXFileReference; explicitFileType = wrapper.application; includeInIndex = 0; path = Set3.app; sourceTree = BUILT_PRODUCTS_DIR; };
		C4BE72EA201D4FE9002B5627 /* AppDelegate.swift */ = {isa = PBXFileReference; lastKnownFileType = sourcecode.swift; path = AppDelegate.swift; sourceTree = "<group>"; };
		C4BE72EC201D4FE9002B5627 /* ViewController.swift */ = {isa = PBXFileReference; lastKnownFileType = sourcecode.swift; path = ViewController.swift; sourceTree = "<group>"; };
		C4BE72EF201D4FEA002B5627 /* Base */ = {isa = PBXFileReference; lastKnownFileType = file.storyboard; name = Base; path = Base.lproj/Main.storyboard; sourceTree = "<group>"; };
		C4BE72F1201D4FEA002B5627 /* Assets.xcassets */ = {isa = PBXFileReference; lastKnownFileType = folder.assetcatalog; path = Assets.xcassets; sourceTree = "<group>"; };
		C4BE72F4201D4FEA002B5627 /* Base */ = {isa = PBXFileReference; lastKnownFileType = file.storyboard; name = Base; path = Base.lproj/LaunchScreen.storyboard; sourceTree = "<group>"; };
		C4BE72F6201D4FEA002B5627 /* Info.plist */ = {isa = PBXFileReference; lastKnownFileType = text.plist.xml; path = Info.plist; sourceTree = "<group>"; };
		C4BE72FC201D528E002B5627 /* Grid.swift */ = {isa = PBXFileReference; fileEncoding = 4; lastKnownFileType = sourcecode.swift; path = Grid.swift; sourceTree = "<group>"; };
		C4ECD48E201F8EA90066A41A /* Card.swift */ = {isa = PBXFileReference; fileEncoding = 4; lastKnownFileType = sourcecode.swift; path = Card.swift; sourceTree = "<group>"; };
		C4ECD490201F8EC70066A41A /* Deck.swift */ = {isa = PBXFileReference; fileEncoding = 4; lastKnownFileType = sourcecode.swift; path = Deck.swift; sourceTree = "<group>"; };
/* End PBXFileReference section */

/* Begin PBXFrameworksBuildPhase section */
		C4BE72E4201D4FE9002B5627 /* Frameworks */ = {
			isa = PBXFrameworksBuildPhase;
			buildActionMask = 2147483647;
			files = (
			);
			runOnlyForDeploymentPostprocessing = 0;
		};
/* End PBXFrameworksBuildPhase section */

/* Begin PBXGroup section */
		C4BE72DE201D4FE9002B5627 = {
			isa = PBXGroup;
			children = (
				C4BE72E9201D4FE9002B5627 /* Set3 */,
				C4BE72E8201D4FE9002B5627 /* Products */,
			);
			sourceTree = "<group>";
		};
		C4BE72E8201D4FE9002B5627 /* Products */ = {
			isa = PBXGroup;
			children = (
				C4BE72E7201D4FE9002B5627 /* Set3.app */,
			);
			name = Products;
			sourceTree = "<group>";
		};
		C4BE72E9201D4FE9002B5627 /* Set3 */ = {
			isa = PBXGroup;
			children = (
				C4BE72EA201D4FE9002B5627 /* AppDelegate.swift */,
				C4BE72EC201D4FE9002B5627 /* ViewController.swift */,
				C496D896201E5627001F0ABE /* CardView.swift */,
				C4ECD48E201F8EA90066A41A /* Card.swift */,
				C4ECD490201F8EC70066A41A /* Deck.swift */,
				C4BE72EE201D4FEA002B5627 /* Main.storyboard */,
				C4BE72F1201D4FEA002B5627 /* Assets.xcassets */,
				C4BE72F3201D4FEA002B5627 /* LaunchScreen.storyboard */,
				C4BE72F6201D4FEA002B5627 /* Info.plist */,
				C4BE72FC201D528E002B5627 /* Grid.swift */,
			);
			path = Set3;
			sourceTree = "<group>";
		};
/* End PBXGroup section */

/* Begin PBXNativeTarget section */
		C4BE72E6201D4FE9002B5627 /* Set3 */ = {
			isa = PBXNativeTarget;
			buildConfigurationList = C4BE72F9201D4FEA002B5627 /* Build configuration list for PBXNativeTarget "Set3" */;
			buildPhases = (
				C4BE72E3201D4FE9002B5627 /* Sources */,
				C4BE72E4201D4FE9002B5627 /* Frameworks */,
				C4BE72E5201D4FE9002B5627 /* Resources */,
			);
			buildRules = (
			);
			dependencies = (
			);
			name = Set3;
			productName = Set3;
			productReference = C4BE72E7201D4FE9002B5627 /* Set3.app */;
			productType = "com.apple.product-type.application";
		};
/* End PBXNativeTarget section */

/* Begin PBXProject section */
		C4BE72DF201D4FE9002B5627 /* Project object */ = {
			isa = PBXProject;
			attributes = {
				LastSwiftUpdateCheck = 0920;
				LastUpgradeCheck = 0920;
				ORGANIZATIONNAME = "Bob Anderson";
				TargetAttributes = {
					C4BE72E6201D4FE9002B5627 = {
						CreatedOnToolsVersion = 9.2;
						ProvisioningStyle = Automatic;
					};
				};
			};
			buildConfigurationList = C4BE72E2201D4FE9002B5627 /* Build configuration list for PBXProject "Set3" */;
			compatibilityVersion = "Xcode 8.0";
			developmentRegion = en;
			hasScannedForEncodings = 0;
			knownRegions = (
				en,
				Base,
			);
			mainGroup = C4BE72DE201D4FE9002B5627;
			productRefGroup = C4BE72E8201D4FE9002B5627 /* Products */;
			projectDirPath = "";
			projectRoot = "";
			targets = (
				C4BE72E6201D4FE9002B5627 /* Set3 */,
			);
		};
/* End PBXProject section */

/* Begin PBXResourcesBuildPhase section */
		C4BE72E5201D4FE9002B5627 /* Resources */ = {
			isa = PBXResourcesBuildPhase;
			buildActionMask = 2147483647;
			files = (
				C4BE72F5201D4FEA002B5627 /* LaunchScreen.storyboard in Resources */,
				C4BE72F2201D4FEA002B5627 /* Assets.xcassets in Resources */,
				C4BE72F0201D4FEA002B5627 /* Main.storyboard in Resources */,
			);
			runOnlyForDeploymentPostprocessing = 0;
		};
/* End PBXResourcesBuildPhase section */

/* Begin PBXSourcesBuildPhase section */
		C4BE72E3201D4FE9002B5627 /* Sources */ = {
			isa = PBXSourcesBuildPhase;
			buildActionMask = 2147483647;
			files = (
				C4ECD491201F8EC70066A41A /* Deck.swift in Sources */,
				C4BE72ED201D4FE9002B5627 /* ViewController.swift in Sources */,
				C4BE72EB201D4FE9002B5627 /* AppDelegate.swift in Sources */,
				C4ECD48F201F8EAA0066A41A /* Card.swift in Sources */,
				C496D897201E5628001F0ABE /* CardView.swift in Sources */,
				C4BE72FD201D528E002B5627 /* Grid.swift in Sources */,
			);
			runOnlyForDeploymentPostprocessing = 0;
		};
/* End PBXSourcesBuildPhase section */

/* Begin PBXVariantGroup section */
		C4BE72EE201D4FEA002B5627 /* Main.storyboard */ = {
			isa = PBXVariantGroup;
			children = (
				C4BE72EF201D4FEA002B5627 /* Base */,
			);
			name = Main.storyboard;
			sourceTree = "<group>";
		};
		C4BE72F3201D4FEA002B5627 /* LaunchScreen.storyboard */ = {
			isa = PBXVariantGroup;
			children = (
				C4BE72F4201D4FEA002B5627 /* Base */,
			);
			name = LaunchScreen.storyboard;
			sourceTree = "<group>";
		};
/* End PBXVariantGroup section */

/* Begin XCBuildConfiguration section */
		C4BE72F7201D4FEA002B5627 /* Debug */ = {
			isa = XCBuildConfiguration;
			buildSettings = {
				ALWAYS_SEARCH_USER_PATHS = NO;
				CLANG_ANALYZER_NONNULL = YES;
				CLANG_ANALYZER_NUMBER_OBJECT_CONVERSION = YES_AGGRESSIVE;
				CLANG_CXX_LANGUAGE_STANDARD = "gnu++14";
				CLANG_CXX_LIBRARY = "libc++";
				CLANG_ENABLE_MODULES = YES;
				CLANG_ENABLE_OBJC_ARC = YES;
				CLANG_WARN_BLOCK_CAPTURE_AUTORELEASING = YES;
				CLANG_WARN_BOOL_CONVERSION = YES;
				CLANG_WARN_COMMA = YES;
				CLANG_WARN_CONSTANT_CONVERSION = YES;
				CLANG_WARN_DIRECT_OBJC_ISA_USAGE = YES_ERROR;
				CLANG_WARN_DOCUMENTATION_COMMENTS = YES;
				CLANG_WARN_EMPTY_BODY = YES;
				CLANG_WARN_ENUM_CONVERSION = YES;
				CLANG_WARN_INFINITE_RECURSION = YES;
				CLANG_WARN_INT_CONVERSION = YES;
				CLANG_WARN_NON_LITERAL_NULL_CONVERSION = YES;
				CLANG_WARN_OBJC_LITERAL_CONVERSION = YES;
				CLANG_WARN_OBJC_ROOT_CLASS = YES_ERROR;
				CLANG_WARN_RANGE_LOOP_ANALYSIS = YES;
				CLANG_WARN_STRICT_PROTOTYPES = YES;
				CLANG_WARN_SUSPICIOUS_MOVE = YES;
				CLANG_WARN_UNGUARDED_AVAILABILITY = YES_AGGRESSIVE;
				CLANG_WARN_UNREACHABLE_CODE = YES;
				CLANG_WARN__DUPLICATE_METHOD_MATCH = YES;
				CODE_SIGN_IDENTITY = "iPhone Developer";
				COPY_PHASE_STRIP = NO;
				DEBUG_INFORMATION_FORMAT = dwarf;
				ENABLE_STRICT_OBJC_MSGSEND = YES;
				ENABLE_TESTABILITY = YES;
				GCC_C_LANGUAGE_STANDARD = gnu11;
				GCC_DYNAMIC_NO_PIC = NO;
				GCC_NO_COMMON_BLOCKS = YES;
				GCC_OPTIMIZATION_LEVEL = 0;
				GCC_PREPROCESSOR_DEFINITIONS = (
					"DEBUG=1",
					"$(inherited)",
				);
				GCC_WARN_64_TO_32_BIT_CONVERSION = YES;
				GCC_WARN_ABOUT_RETURN_TYPE = YES_ERROR;
				GCC_WARN_UNDECLARED_SELECTOR = YES;
				GCC_WARN_UNINITIALIZED_AUTOS = YES_AGGRESSIVE;
				GCC_WARN_UNUSED_FUNCTION = YES;
				GCC_WARN_UNUSED_VARIABLE = YES;
				IPHONEOS_DEPLOYMENT_TARGET = 11.2;
				MTL_ENABLE_DEBUG_INFO = YES;
				ONLY_ACTIVE_ARCH = YES;
				SDKROOT = iphoneos;
				SWIFT_ACTIVE_COMPILATION_CONDITIONS = DEBUG;
				SWIFT_OPTIMIZATION_LEVEL = "-Onone";
			};
			name = Debug;
		};
		C4BE72F8201D4FEA002B5627 /* Release */ = {
			isa = XCBuildConfiguration;
			buildSettings = {
				ALWAYS_SEARCH_USER_PATHS = NO;
				CLANG_ANALYZER_NONNULL = YES;
				CLANG_ANALYZER_NUMBER_OBJECT_CONVERSION = YES_AGGRESSIVE;
				CLANG_CXX_LANGUAGE_STANDARD = "gnu++14";
				CLANG_CXX_LIBRARY = "libc++";
				CLANG_ENABLE_MODULES = YES;
				CLANG_ENABLE_OBJC_ARC = YES;
				CLANG_WARN_BLOCK_CAPTURE_AUTORELEASING = YES;
				CLANG_WARN_BOOL_CONVERSION = YES;
				CLANG_WARN_COMMA = YES;
				CLANG_WARN_CONSTANT_CONVERSION = YES;
				CLANG_WARN_DIRECT_OBJC_ISA_USAGE = YES_ERROR;
				CLANG_WARN_DOCUMENTATION_COMMENTS = YES;
				CLANG_WARN_EMPTY_BODY = YES;
				CLANG_WARN_ENUM_CONVERSION = YES;
				CLANG_WARN_INFINITE_RECURSION = YES;
				CLANG_WARN_INT_CONVERSION = YES;
				CLANG_WARN_NON_LITERAL_NULL_CONVERSION = YES;
				CLANG_WARN_OBJC_LITERAL_CONVERSION = YES;
				CLANG_WARN_OBJC_ROOT_CLASS = YES_ERROR;
				CLANG_WARN_RANGE_LOOP_ANALYSIS = YES;
				CLANG_WARN_STRICT_PROTOTYPES = YES;
				CLANG_WARN_SUSPICIOUS_MOVE = YES;
				CLANG_WARN_UNGUARDED_AVAILABILITY = YES_AGGRESSIVE;
				CLANG_WARN_UNREACHABLE_CODE = YES;
				CLANG_WARN__DUPLICATE_METHOD_MATCH = YES;
				CODE_SIGN_IDENTITY = "iPhone Developer";
				COPY_PHASE_STRIP = NO;
				DEBUG_INFORMATION_FORMAT = "dwarf-with-dsym";
				ENABLE_NS_ASSERTIONS = NO;
				ENABLE_STRICT_OBJC_MSGSEND = YES;
				GCC_C_LANGUAGE_STANDARD = gnu11;
				GCC_NO_COMMON_BLOCKS = YES;
				GCC_WARN_64_TO_32_BIT_CONVERSION = YES;
				GCC_WARN_ABOUT_RETURN_TYPE = YES_ERROR;
				GCC_WARN_UNDECLARED_SELECTOR = YES;
				GCC_WARN_UNINITIALIZED_AUTOS = YES_AGGRESSIVE;
				GCC_WARN_UNUSED_FUNCTION = YES;
				GCC_WARN_UNUSED_VARIABLE = YES;
				IPHONEOS_DEPLOYMENT_TARGET = 11.2;
				MTL_ENABLE_DEBUG_INFO = NO;
				SDKROOT = iphoneos;
				SWIFT_OPTIMIZATION_LEVEL = "-Owholemodule";
				VALIDATE_PRODUCT = YES;
			};
			name = Release;
		};
		C4BE72FA201D4FEA002B5627 /* Debug */ = {
			isa = XCBuildConfiguration;
			buildSettings = {
				ASSETCATALOG_COMPILER_APPICON_NAME = AppIcon;
				CODE_SIGN_STYLE = Automatic;
				DEVELOPMENT_TEAM = 58P33YTTVU;
				INFOPLIST_FILE = Set3/Info.plist;
				LD_RUNPATH_SEARCH_PATHS = "$(inherited) @executable_path/Frameworks";
				PRODUCT_BUNDLE_IDENTIFIER = com.example.Set3;
				PRODUCT_NAME = "$(TARGET_NAME)";
				SWIFT_VERSION = 4.0;
				TARGETED_DEVICE_FAMILY = "1,2";
			};
			name = Debug;
		};
		C4BE72FB201D4FEA002B5627 /* Release */ = {
			isa = XCBuildConfiguration;
			buildSettings = {
				ASSETCATALOG_COMPILER_APPICON_NAME = AppIcon;
				CODE_SIGN_STYLE = Automatic;
				DEVELOPMENT_TEAM = 58P33YTTVU;
				INFOPLIST_FILE = Set3/Info.plist;
				LD_RUNPATH_SEARCH_PATHS = "$(inherited) @executable_path/Frameworks";
				PRODUCT_BUNDLE_IDENTIFIER = com.example.Set3;
				PRODUCT_NAME = "$(TARGET_NAME)";
				SWIFT_VERSION = 4.0;
				TARGETED_DEVICE_FAMILY = "1,2";
			};
			name = Release;
		};
/* End XCBuildConfiguration section */

/* Begin XCConfigurationList section */
		C4BE72E2201D4FE9002B5627 /* Build configuration list for PBXProject "Set3" */ = {
			isa = XCConfigurationList;
			buildConfigurations = (
				C4BE72F7201D4FEA002B5627 /* Debug */,
				C4BE72F8201D4FEA002B5627 /* Release */,
			);
			defaultConfigurationIsVisible = 0;
			defaultConfigurationName = Release;
		};
		C4BE72F9201D4FEA002B5627 /* Build configuration list for PBXNativeTarget "Set3" */ = {
			isa = XCConfigurationList;
			buildConfigurations = (
				C4BE72FA201D4FEA002B5627 /* Debug */,
				C4BE72FB201D4FEA002B5627 /* Release */,
			);
			defaultConfigurationIsVisible = 0;
			defaultConfigurationName = Release;
		};
/* End XCConfigurationList section */
	};
	rootObject = C4BE72DF201D4FE9002B5627 /* Project object */;
}
